
Microsoft Visual Studio Solution File, Format Version 12.00
# Visual Studio Version 17
VisualStudioVersion = 17.11.35208.52
MinimumVisualStudioVersion = 10.0.40219.1
Project("{FAE04EC0-301F-11D3-BF4B-00C04F79EFBC}") = "GymManagementSystem.Web", "GymManagementSystem.Web\GymManagementSystem.Web.csproj", "{51BDA69C-A89E-4EBD-88B9-E4F4B152F5D8}"
EndProject
Project("{FAE04EC0-301F-11D3-BF4B-00C04F79EFBC}") = "GymManagementSystem.AggregateRoots", "GymManagementSystem.AggregateRoots\GymManagementSystem.AggregateRoots.csproj", "{CFC6655E-ACBE-43C6-87ED-1C13085DC200}"
EndProject
Project("{FAE04EC0-301F-11D3-BF4B-00C04F79EFBC}") = "GymManagementSystem.DTO", "GymManagementSystem.DTO\GymManagementSystem.DTO.csproj", "{571A2C60-695E-4DB8-A2BA-F27D66013E03}"
EndProject
Project("{FAE04EC0-301F-11D3-BF4B-00C04F79EFBC}") = "GymManagementSystem.Repositories", "GymManagementSystem.Repositories\GymManagementSystem.Repositories.csproj", "{5B59CD96-0079-4CAA-954B-929D283821C9}"
EndProject
Project("{FAE04EC0-301F-11D3-BF4B-00C04F79EFBC}") = "GymManagementSystem.Handler", "GymManagementSystem.Handler\GymManagementSystem.Handler.csproj", "{1468FEF1-66F2-46CE-BA82-8659E9DFC1F9}"
EndProject
Global
	GlobalSection(SolutionConfigurationPlatforms) = preSolution
		Debug|Any CPU = Debug|Any CPU
		Release|Any CPU = Release|Any CPU
	EndGlobalSection
	GlobalSection(ProjectConfigurationPlatforms) = postSolution
		{51BDA69C-A89E-4EBD-88B9-E4F4B152F5D8}.Debug|Any CPU.ActiveCfg = Debug|Any CPU
		{51BDA69C-A89E-4EBD-88B9-E4F4B152F5D8}.Debug|Any CPU.Build.0 = Debug|Any CPU
		{51BDA69C-A89E-4EBD-88B9-E4F4B152F5D8}.Release|Any CPU.ActiveCfg = Release|Any CPU
		{51BDA69C-A89E-4EBD-88B9-E4F4B152F5D8}.Release|Any CPU.Build.0 = Release|Any CPU
		{CFC6655E-ACBE-43C6-87ED-1C13085DC200}.Debug|Any CPU.ActiveCfg = Debug|Any CPU
		{CFC6655E-ACBE-43C6-87ED-1C13085DC200}.Debug|Any CPU.Build.0 = Debug|Any CPU
		{CFC6655E-ACBE-43C6-87ED-1C13085DC200}.Release|Any CPU.ActiveCfg = Release|Any CPU
		{CFC6655E-ACBE-43C6-87ED-1C13085DC200}.Release|Any CPU.Build.0 = Release|Any CPU
		{571A2C60-695E-4DB8-A2BA-F27D66013E03}.Debug|Any CPU.ActiveCfg = Debug|Any CPU
		{571A2C60-695E-4DB8-A2BA-F27D66013E03}.Debug|Any CPU.Build.0 = Debug|Any CPU
		{571A2C60-695E-4DB8-A2BA-F27D66013E03}.Release|Any CPU.ActiveCfg = Release|Any CPU
		{571A2C60-695E-4DB8-A2BA-F27D66013E03}.Release|Any CPU.Build.0 = Release|Any CPU
		{5B59CD96-0079-4CAA-954B-929D283821C9}.Debug|Any CPU.ActiveCfg = Debug|Any CPU
		{5B59CD96-0079-4CAA-954B-929D283821C9}.Debug|Any CPU.Build.0 = Debug|Any CPU
		{5B59CD96-0079-4CAA-954B-929D283821C9}.Release|Any CPU.ActiveCfg = Release|Any CPU
		{5B59CD96-0079-4CAA-954B-929D283821C9}.Release|Any CPU.Build.0 = Release|Any CPU
		{1468FEF1-66F2-46CE-BA82-8659E9DFC1F9}.Debug|Any CPU.ActiveCfg = Debug|Any CPU
		{1468FEF1-66F2-46CE-BA82-8659E9DFC1F9}.Debug|Any CPU.Build.0 = Debug|Any CPU
		{1468FEF1-66F2-46CE-BA82-8659E9DFC1F9}.Release|Any CPU.ActiveCfg = Release|Any CPU
		{1468FEF1-66F2-46CE-BA82-8659E9DFC1F9}.Release|Any CPU.Build.0 = Release|Any CPU
	EndGlobalSection
	GlobalSection(SolutionProperties) = preSolution
		HideSolutionNode = FALSE
	EndGlobalSection
	GlobalSection(ExtensibilityGlobals) = postSolution
		SolutionGuid = {AA0130BB-8E51-4B4A-89FC-A366E773F1A8}
	EndGlobalSection
EndGlobal
